// !$*UTF8*$!
{
	archiveVersion = 1;
	classes = {
	};
	objectVersion = 46;
	objects = {

/* Begin PBXBuildFile section */
		60046B401EBF60C4008E0EB4 /* SavingsViewController.swift in Sources */ = {isa = PBXBuildFile; fileRef = 60046B3F1EBF60C4008E0EB4 /* SavingsViewController.swift */; };
		600B422E1EB140280000BB90 /* SummaryViewController.swift in Sources */ = {isa = PBXBuildFile; fileRef = 600B422D1EB140280000BB90 /* SummaryViewController.swift */; };
		600B42301EB1408B0000BB90 /* MoreViewController.swift in Sources */ = {isa = PBXBuildFile; fileRef = 600B422F1EB1408B0000BB90 /* MoreViewController.swift */; };
		6057B8EF1E8F494800CC8841 /* AppDelegate.swift in Sources */ = {isa = PBXBuildFile; fileRef = 6057B8EE1E8F494800CC8841 /* AppDelegate.swift */; };
		6057B8F11E8F494800CC8841 /* AddExpenseViewController.swift in Sources */ = {isa = PBXBuildFile; fileRef = 6057B8F01E8F494800CC8841 /* AddExpenseViewController.swift */; };
		6057B8F41E8F494800CC8841 /* Main.storyboard in Resources */ = {isa = PBXBuildFile; fileRef = 6057B8F21E8F494800CC8841 /* Main.storyboard */; };
		6057B8F71E8F494800CC8841 /* Saving_Wallet.xcdatamodeld in Sources */ = {isa = PBXBuildFile; fileRef = 6057B8F51E8F494800CC8841 /* Saving_Wallet.xcdatamodeld */; };
		6057B8F91E8F494800CC8841 /* Assets.xcassets in Resources */ = {isa = PBXBuildFile; fileRef = 6057B8F81E8F494800CC8841 /* Assets.xcassets */; };
		6057B8FC1E8F494800CC8841 /* LaunchScreen.storyboard in Resources */ = {isa = PBXBuildFile; fileRef = 6057B8FA1E8F494800CC8841 /* LaunchScreen.storyboard */; };
		6057B9041E8F4A3F00CC8841 /* ExpenseTableViewController.swift in Sources */ = {isa = PBXBuildFile; fileRef = 6057B9031E8F4A3F00CC8841 /* ExpenseTableViewController.swift */; };
		6057B9061E8F4A6900CC8841 /* ExpenseTableViewCell.swift in Sources */ = {isa = PBXBuildFile; fileRef = 6057B9051E8F4A6900CC8841 /* ExpenseTableViewCell.swift */; };
		606CE9861EC403DA00F08608 /* EditSavingViewController.swift in Sources */ = {isa = PBXBuildFile; fileRef = 606CE9851EC403DA00F08608 /* EditSavingViewController.swift */; };
		606CE9881EC4046C00F08608 /* Savings.swift in Sources */ = {isa = PBXBuildFile; fileRef = 606CE9871EC4046C00F08608 /* Savings.swift */; };
		60DE4B0A1E9B14A600D0DE8F /* Expenses.swift in Sources */ = {isa = PBXBuildFile; fileRef = 60DE4B091E9B14A600D0DE8F /* Expenses.swift */; };
		60FD02D11EA637DB0070DBE7 /* UIImageColor.swift in Sources */ = {isa = PBXBuildFile; fileRef = 60FD02D01EA637DB0070DBE7 /* UIImageColor.swift */; };
		DDEA00042763C9A9C74A42E9 /* Pods_Saving_Wallet.framework in Frameworks */ = {isa = PBXBuildFile; fileRef = 2ED7859B0D6883355FBA9B6C /* Pods_Saving_Wallet.framework */; };
/* End PBXBuildFile section */

/* Begin PBXFileReference section */
		2ED7859B0D6883355FBA9B6C /* Pods_Saving_Wallet.framework */ = {isa = PBXFileReference; explicitFileType = wrapper.framework; includeInIndex = 0; path = Pods_Saving_Wallet.framework; sourceTree = BUILT_PRODUCTS_DIR; };
		60046B3F1EBF60C4008E0EB4 /* SavingsViewController.swift */ = {isa = PBXFileReference; fileEncoding = 4; lastKnownFileType = sourcecode.swift; path = SavingsViewController.swift; sourceTree = "<group>"; };
		600B422D1EB140280000BB90 /* SummaryViewController.swift */ = {isa = PBXFileReference; fileEncoding = 4; lastKnownFileType = sourcecode.swift; path = SummaryViewController.swift; sourceTree = "<group>"; };
		600B422F1EB1408B0000BB90 /* MoreViewController.swift */ = {isa = PBXFileReference; fileEncoding = 4; lastKnownFileType = sourcecode.swift; path = MoreViewController.swift; sourceTree = "<group>"; };
		6057B8EB1E8F494800CC8841 /* Saving Wallet.app */ = {isa = PBXFileReference; explicitFileType = wrapper.application; includeInIndex = 0; path = "Saving Wallet.app"; sourceTree = BUILT_PRODUCTS_DIR; };
		6057B8EE1E8F494800CC8841 /* AppDelegate.swift */ = {isa = PBXFileReference; lastKnownFileType = sourcecode.swift; path = AppDelegate.swift; sourceTree = "<group>"; };
		6057B8F01E8F494800CC8841 /* AddExpenseViewController.swift */ = {isa = PBXFileReference; lastKnownFileType = sourcecode.swift; path = AddExpenseViewController.swift; sourceTree = "<group>"; };
		6057B8F31E8F494800CC8841 /* Base */ = {isa = PBXFileReference; lastKnownFileType = file.storyboard; name = Base; path = Base.lproj/Main.storyboard; sourceTree = "<group>"; };
		6057B8F61E8F494800CC8841 /* Saving_Wallet.xcdatamodel */ = {isa = PBXFileReference; lastKnownFileType = wrapper.xcdatamodel; path = Saving_Wallet.xcdatamodel; sourceTree = "<group>"; };
		6057B8F81E8F494800CC8841 /* Assets.xcassets */ = {isa = PBXFileReference; lastKnownFileType = folder.assetcatalog; path = Assets.xcassets; sourceTree = "<group>"; };
		6057B8FB1E8F494800CC8841 /* Base */ = {isa = PBXFileReference; lastKnownFileType = file.storyboard; name = Base; path = Base.lproj/LaunchScreen.storyboard; sourceTree = "<group>"; };
		6057B8FD1E8F494800CC8841 /* Info.plist */ = {isa = PBXFileReference; lastKnownFileType = text.plist.xml; path = Info.plist; sourceTree = "<group>"; };
		6057B9031E8F4A3F00CC8841 /* ExpenseTableViewController.swift */ = {isa = PBXFileReference; fileEncoding = 4; lastKnownFileType = sourcecode.swift; path = ExpenseTableViewController.swift; sourceTree = "<group>"; };
		6057B9051E8F4A6900CC8841 /* ExpenseTableViewCell.swift */ = {isa = PBXFileReference; fileEncoding = 4; lastKnownFileType = sourcecode.swift; path = ExpenseTableViewCell.swift; sourceTree = "<group>"; };
		606CE9851EC403DA00F08608 /* EditSavingViewController.swift */ = {isa = PBXFileReference; fileEncoding = 4; lastKnownFileType = sourcecode.swift; path = EditSavingViewController.swift; sourceTree = "<group>"; };
		606CE9871EC4046C00F08608 /* Savings.swift */ = {isa = PBXFileReference; fileEncoding = 4; lastKnownFileType = sourcecode.swift; path = Savings.swift; sourceTree = "<group>"; };
		6077E4787F08FB69958E400C /* Pods-Saving Wallet.debug.xcconfig */ = {isa = PBXFileReference; includeInIndex = 1; lastKnownFileType = text.xcconfig; name = "Pods-Saving Wallet.debug.xcconfig"; path = "Pods/Target Support Files/Pods-Saving Wallet/Pods-Saving Wallet.debug.xcconfig"; sourceTree = "<group>"; };
		60DE4B091E9B14A600D0DE8F /* Expenses.swift */ = {isa = PBXFileReference; fileEncoding = 4; lastKnownFileType = sourcecode.swift; path = Expenses.swift; sourceTree = "<group>"; };
		60FD02D01EA637DB0070DBE7 /* UIImageColor.swift */ = {isa = PBXFileReference; fileEncoding = 4; lastKnownFileType = sourcecode.swift; path = UIImageColor.swift; sourceTree = "<group>"; };
		BFFF0E9BE7378346A065C334 /* Pods-Saving Wallet.release.xcconfig */ = {isa = PBXFileReference; includeInIndex = 1; lastKnownFileType = text.xcconfig; name = "Pods-Saving Wallet.release.xcconfig"; path = "Pods/Target Support Files/Pods-Saving Wallet/Pods-Saving Wallet.release.xcconfig"; sourceTree = "<group>"; };
/* End PBXFileReference section */

/* Begin PBXFrameworksBuildPhase section */
		6057B8E81E8F494800CC8841 /* Frameworks */ = {
			isa = PBXFrameworksBuildPhase;
			buildActionMask = 2147483647;
			files = (
				DDEA00042763C9A9C74A42E9 /* Pods_Saving_Wallet.framework in Frameworks */,
			);
			runOnlyForDeploymentPostprocessing = 0;
		};
/* End PBXFrameworksBuildPhase section */

/* Begin PBXGroup section */
		2AA465B58DBFE2D8D6F4B017 /* Frameworks */ = {
			isa = PBXGroup;
			children = (
				2ED7859B0D6883355FBA9B6C /* Pods_Saving_Wallet.framework */,
			);
			name = Frameworks;
			sourceTree = "<group>";
		};
		6057B8E21E8F494800CC8841 = {
			isa = PBXGroup;
			children = (
				6057B8ED1E8F494800CC8841 /* Saving Wallet */,
				6057B8EC1E8F494800CC8841 /* Products */,
				B7C2752773F3ACE7F8A0C667 /* Pods */,
				2AA465B58DBFE2D8D6F4B017 /* Frameworks */,
			);
			sourceTree = "<group>";
		};
		6057B8EC1E8F494800CC8841 /* Products */ = {
			isa = PBXGroup;
			children = (
				6057B8EB1E8F494800CC8841 /* Saving Wallet.app */,
			);
			name = Products;
			sourceTree = "<group>";
		};
		6057B8ED1E8F494800CC8841 /* Saving Wallet */ = {
			isa = PBXGroup;
			children = (
				6057B8EE1E8F494800CC8841 /* AppDelegate.swift */,
				6057B8F01E8F494800CC8841 /* AddExpenseViewController.swift */,
				6057B8F21E8F494800CC8841 /* Main.storyboard */,
				606CE9851EC403DA00F08608 /* EditSavingViewController.swift */,
				606CE9871EC4046C00F08608 /* Savings.swift */,
				6057B9031E8F4A3F00CC8841 /* ExpenseTableViewController.swift */,
				60DE4B091E9B14A600D0DE8F /* Expenses.swift */,
				6057B9051E8F4A6900CC8841 /* ExpenseTableViewCell.swift */,
				600B422D1EB140280000BB90 /* SummaryViewController.swift */,
				60046B3F1EBF60C4008E0EB4 /* SavingsViewController.swift */,
				600B422F1EB1408B0000BB90 /* MoreViewController.swift */,
				60FD02D01EA637DB0070DBE7 /* UIImageColor.swift */,
				6057B8F81E8F494800CC8841 /* Assets.xcassets */,
				6057B8FA1E8F494800CC8841 /* LaunchScreen.storyboard */,
				6057B8FD1E8F494800CC8841 /* Info.plist */,
				6057B8F51E8F494800CC8841 /* Saving_Wallet.xcdatamodeld */,
			);
			path = "Saving Wallet";
			sourceTree = "<group>";
		};
		B7C2752773F3ACE7F8A0C667 /* Pods */ = {
			isa = PBXGroup;
			children = (
				6077E4787F08FB69958E400C /* Pods-Saving Wallet.debug.xcconfig */,
				BFFF0E9BE7378346A065C334 /* Pods-Saving Wallet.release.xcconfig */,
			);
			name = Pods;
			sourceTree = "<group>";
		};
/* End PBXGroup section */

/* Begin PBXNativeTarget section */
		6057B8EA1E8F494800CC8841 /* Saving Wallet */ = {
			isa = PBXNativeTarget;
			buildConfigurationList = 6057B9001E8F494800CC8841 /* Build configuration list for PBXNativeTarget "Saving Wallet" */;
			buildPhases = (
				A6C4B0EF594D16C26FA7C48A /* [CP] Check Pods Manifest.lock */,
				6057B8E71E8F494800CC8841 /* Sources */,
				6057B8E81E8F494800CC8841 /* Frameworks */,
				6057B8E91E8F494800CC8841 /* Resources */,
				6AC1C7E791BDA80F1D760703 /* [CP] Embed Pods Frameworks */,
				C1096F398E7C42FAA776B887 /* [CP] Copy Pods Resources */,
			);
			buildRules = (
			);
			dependencies = (
			);
			name = "Saving Wallet";
			productName = "Saving Wallet";
			productReference = 6057B8EB1E8F494800CC8841 /* Saving Wallet.app */;
			productType = "com.apple.product-type.application";
		};
/* End PBXNativeTarget section */

/* Begin PBXProject section */
		6057B8E31E8F494800CC8841 /* Project object */ = {
			isa = PBXProject;
			attributes = {
				LastSwiftUpdateCheck = 0820;
				LastUpgradeCheck = 0820;
				ORGANIZATIONNAME = "Bang Mobile";
				TargetAttributes = {
					6057B8EA1E8F494800CC8841 = {
						CreatedOnToolsVersion = 8.2.1;
						ProvisioningStyle = Automatic;
					};
				};
			};
			buildConfigurationList = 6057B8E61E8F494800CC8841 /* Build configuration list for PBXProject "Saving Wallet" */;
			compatibilityVersion = "Xcode 3.2";
			developmentRegion = English;
			hasScannedForEncodings = 0;
			knownRegions = (
				en,
				Base,
			);
			mainGroup = 6057B8E21E8F494800CC8841;
			productRefGroup = 6057B8EC1E8F494800CC8841 /* Products */;
			projectDirPath = "";
			projectRoot = "";
			targets = (
				6057B8EA1E8F494800CC8841 /* Saving Wallet */,
			);
		};
/* End PBXProject section */

/* Begin PBXResourcesBuildPhase section */
		6057B8E91E8F494800CC8841 /* Resources */ = {
			isa = PBXResourcesBuildPhase;
			buildActionMask = 2147483647;
			files = (
				6057B8FC1E8F494800CC8841 /* LaunchScreen.storyboard in Resources */,
				6057B8F91E8F494800CC8841 /* Assets.xcassets in Resources */,
				6057B8F41E8F494800CC8841 /* Main.storyboard in Resources */,
			);
			runOnlyForDeploymentPostprocessing = 0;
		};
/* End PBXResourcesBuildPhase section */

/* Begin PBXShellScriptBuildPhase section */
		6AC1C7E791BDA80F1D760703 /* [CP] Embed Pods Frameworks */ = {
			isa = PBXShellScriptBuildPhase;
			buildActionMask = 2147483647;
			files = (
			);
			inputPaths = (
			);
			name = "[CP] Embed Pods Frameworks";
			outputPaths = (
			);
			runOnlyForDeploymentPostprocessing = 0;
			shellPath = /bin/sh;
			shellScript = "\"${SRCROOT}/Pods/Target Support Files/Pods-Saving Wallet/Pods-Saving Wallet-frameworks.sh\"\n";
			showEnvVarsInLog = 0;
		};
		A6C4B0EF594D16C26FA7C48A /* [CP] Check Pods Manifest.lock */ = {
			isa = PBXShellScriptBuildPhase;
			buildActionMask = 2147483647;
			files = (
			);
			inputPaths = (
			);
			name = "[CP] Check Pods Manifest.lock";
			outputPaths = (
			);
			runOnlyForDeploymentPostprocessing = 0;
			shellPath = /bin/sh;
			shellScript = "diff \"${PODS_ROOT}/../Podfile.lock\" \"${PODS_ROOT}/Manifest.lock\" > /dev/null\nif [ $? != 0 ] ; then\n    # print error to STDERR\n    echo \"error: The sandbox is not in sync with the Podfile.lock. Run 'pod install' or update your CocoaPods installation.\" >&2\n    exit 1\nfi\n";
			showEnvVarsInLog = 0;
		};
		C1096F398E7C42FAA776B887 /* [CP] Copy Pods Resources */ = {
			isa = PBXShellScriptBuildPhase;
			buildActionMask = 2147483647;
			files = (
			);
			inputPaths = (
			);
			name = "[CP] Copy Pods Resources";
			outputPaths = (
			);
			runOnlyForDeploymentPostprocessing = 0;
			shellPath = /bin/sh;
			shellScript = "\"${SRCROOT}/Pods/Target Support Files/Pods-Saving Wallet/Pods-Saving Wallet-resources.sh\"\n";
			showEnvVarsInLog = 0;
		};
/* End PBXShellScriptBuildPhase section */

/* Begin PBXSourcesBuildPhase section */
		6057B8E71E8F494800CC8841 /* Sources */ = {
			isa = PBXSourcesBuildPhase;
			buildActionMask = 2147483647;
			files = (
				600B42301EB1408B0000BB90 /* MoreViewController.swift in Sources */,
				60DE4B0A1E9B14A600D0DE8F /* Expenses.swift in Sources */,
				6057B9061E8F4A6900CC8841 /* ExpenseTableViewCell.swift in Sources */,
				606CE9881EC4046C00F08608 /* Savings.swift in Sources */,
				6057B9041E8F4A3F00CC8841 /* ExpenseTableViewController.swift in Sources */,
				606CE9861EC403DA00F08608 /* EditSavingViewController.swift in Sources */,
				600B422E1EB140280000BB90 /* SummaryViewController.swift in Sources */,
				6057B8F71E8F494800CC8841 /* Saving_Wallet.xcdatamodeld in Sources */,
				60046B401EBF60C4008E0EB4 /* SavingsViewController.swift in Sources */,
				6057B8F11E8F494800CC8841 /* AddExpenseViewController.swift in Sources */,
				60FD02D11EA637DB0070DBE7 /* UIImageColor.swift in Sources */,
				6057B8EF1E8F494800CC8841 /* AppDelegate.swift in Sources */,
			);
			runOnlyForDeploymentPostprocessing = 0;
		};
/* End PBXSourcesBuildPhase section */

/* Begin PBXVariantGroup section */
		6057B8F21E8F494800CC8841 /* Main.storyboard */ = {
			isa = PBXVariantGroup;
			children = (
				6057B8F31E8F494800CC8841 /* Base */,
			);
			name = Main.storyboard;
			sourceTree = "<group>";
		};
		6057B8FA1E8F494800CC8841 /* LaunchScreen.storyboard */ = {
			isa = PBXVariantGroup;
			children = (
				6057B8FB1E8F494800CC8841 /* Base */,
			);
			name = LaunchScreen.storyboard;
			sourceTree = "<group>";
		};
/* End PBXVariantGroup section */

/* Begin XCBuildConfiguration section */
		6057B8FE1E8F494800CC8841 /* Debug */ = {
			isa = XCBuildConfiguration;
			buildSettings = {
				ALWAYS_SEARCH_USER_PATHS = NO;
				CLANG_ANALYZER_NONNULL = YES;
				CLANG_CXX_LANGUAGE_STANDARD = "gnu++0x";
				CLANG_CXX_LIBRARY = "libc++";
				CLANG_ENABLE_MODULES = YES;
				CLANG_ENABLE_OBJC_ARC = YES;
				CLANG_WARN_BOOL_CONVERSION = YES;
				CLANG_WARN_CONSTANT_CONVERSION = YES;
				CLANG_WARN_DIRECT_OBJC_ISA_USAGE = YES_ERROR;
				CLANG_WARN_DOCUMENTATION_COMMENTS = YES;
				CLANG_WARN_EMPTY_BODY = YES;
				CLANG_WARN_ENUM_CONVERSION = YES;
				CLANG_WARN_INFINITE_RECURSION = YES;
				CLANG_WARN_INT_CONVERSION = YES;
				CLANG_WARN_OBJC_ROOT_CLASS = YES_ERROR;
				CLANG_WARN_SUSPICIOUS_MOVE = YES;
				CLANG_WARN_UNREACHABLE_CODE = YES;
				CLANG_WARN__DUPLICATE_METHOD_MATCH = YES;
				"CODE_SIGN_IDENTITY[sdk=iphoneos*]" = "iPhone Developer";
				COPY_PHASE_STRIP = NO;
				DEBUG_INFORMATION_FORMAT = dwarf;
				ENABLE_STRICT_OBJC_MSGSEND = YES;
				ENABLE_TESTABILITY = YES;
				GCC_C_LANGUAGE_STANDARD = gnu99;
				GCC_DYNAMIC_NO_PIC = NO;
				GCC_NO_COMMON_BLOCKS = YES;
				GCC_OPTIMIZATION_LEVEL = 0;
				GCC_PREPROCESSOR_DEFINITIONS = (
					"DEBUG=1",
					"$(inherited)",
				);
				GCC_WARN_64_TO_32_BIT_CONVERSION = YES;
				GCC_WARN_ABOUT_RETURN_TYPE = YES_ERROR;
				GCC_WARN_UNDECLARED_SELECTOR = YES;
				GCC_WARN_UNINITIALIZED_AUTOS = YES_AGGRESSIVE;
				GCC_WARN_UNUSED_FUNCTION = YES;
				GCC_WARN_UNUSED_VARIABLE = YES;
				IPHONEOS_DEPLOYMENT_TARGET = 10.2;
				MTL_ENABLE_DEBUG_INFO = YES;
				ONLY_ACTIVE_ARCH = YES;
				SDKROOT = iphoneos;
				SWIFT_ACTIVE_COMPILATION_CONDITIONS = DEBUG;
				SWIFT_OPTIMIZATION_LEVEL = "-Onone";
			};
			name = Debug;
		};
		6057B8FF1E8F494800CC8841 /* Release */ = {
			isa = XCBuildConfiguration;
			buildSettings = {
				ALWAYS_SEARCH_USER_PATHS = NO;
				CLANG_ANALYZER_NONNULL = YES;
				CLANG_CXX_LANGUAGE_STANDARD = "gnu++0x";
				CLANG_CXX_LIBRARY = "libc++";
				CLANG_ENABLE_MODULES = YES;
				CLANG_ENABLE_OBJC_ARC = YES;
				CLANG_WARN_BOOL_CONVERSION = YES;
				CLANG_WARN_CONSTANT_CONVERSION = YES;
				CLANG_WARN_DIRECT_OBJC_ISA_USAGE = YES_ERROR;
				CLANG_WARN_DOCUMENTATION_COMMENTS = YES;
				CLANG_WARN_EMPTY_BODY = YES;
				CLANG_WARN_ENUM_CONVERSION = YES;
				CLANG_WARN_INFINITE_RECURSION = YES;
				CLANG_WARN_INT_CONVERSION = YES;
				CLANG_WARN_OBJC_ROOT_CLASS = YES_ERROR;
				CLANG_WARN_SUSPICIOUS_MOVE = YES;
				CLANG_WARN_UNREACHABLE_CODE = YES;
				CLANG_WARN__DUPLICATE_METHOD_MATCH = YES;
				"CODE_SIGN_IDENTITY[sdk=iphoneos*]" = "iPhone Developer";
				COPY_PHASE_STRIP = NO;
				DEBUG_INFORMATION_FORMAT = "dwarf-with-dsym";
				ENABLE_NS_ASSERTIONS = NO;
				ENABLE_STRICT_OBJC_MSGSEND = YES;
				GCC_C_LANGUAGE_STANDARD = gnu99;
				GCC_NO_COMMON_BLOCKS = YES;
				GCC_WARN_64_TO_32_BIT_CONVERSION = YES;
				GCC_WARN_ABOUT_RETURN_TYPE = YES_ERROR;
				GCC_WARN_UNDECLARED_SELECTOR = YES;
				GCC_WARN_UNINITIALIZED_AUTOS = YES_AGGRESSIVE;
				GCC_WARN_UNUSED_FUNCTION = YES;
				GCC_WARN_UNUSED_VARIABLE = YES;
				IPHONEOS_DEPLOYMENT_TARGET = 10.2;
				MTL_ENABLE_DEBUG_INFO = NO;
				SDKROOT = iphoneos;
				SWIFT_OPTIMIZATION_LEVEL = "-Owholemodule";
				VALIDATE_PRODUCT = YES;
			};
			name = Release;
		};
		6057B9011E8F494800CC8841 /* Debug */ = {
			isa = XCBuildConfiguration;
			baseConfigurationReference = 6077E4787F08FB69958E400C /* Pods-Saving Wallet.debug.xcconfig */;
			buildSettings = {
				ASSETCATALOG_COMPILER_APPICON_NAME = AppIcon;
				INFOPLIST_FILE = "Saving Wallet/Info.plist";
				LD_RUNPATH_SEARCH_PATHS = "$(inherited) @executable_path/Frameworks";
				PRODUCT_BUNDLE_IDENTIFIER = "id.bangmobile.Saving-Wallet";
				PRODUCT_NAME = "$(TARGET_NAME)";
				SWIFT_VERSION = 3.0;
			};
			name = Debug;
		};
		6057B9021E8F494800CC8841 /* Release */ = {
			isa = XCBuildConfiguration;
			baseConfigurationReference = BFFF0E9BE7378346A065C334 /* Pods-Saving Wallet.release.xcconfig */;
			buildSettings = {
				ASSETCATALOG_COMPILER_APPICON_NAME = AppIcon;
				INFOPLIST_FILE = "Saving Wallet/Info.plist";
				LD_RUNPATH_SEARCH_PATHS = "$(inherited) @executable_path/Frameworks";
				PRODUCT_BUNDLE_IDENTIFIER = "id.bangmobile.Saving-Wallet";
				PRODUCT_NAME = "$(TARGET_NAME)";
				SWIFT_VERSION = 3.0;
			};
			name = Release;
		};
/* End XCBuildConfiguration section */

/* Begin XCConfigurationList section */
		6057B8E61E8F494800CC8841 /* Build configuration list for PBXProject "Saving Wallet" */ = {
			isa = XCConfigurationList;
			buildConfigurations = (
				6057B8FE1E8F494800CC8841 /* Debug */,
				6057B8FF1E8F494800CC8841 /* Release */,
			);
			defaultConfigurationIsVisible = 0;
			defaultConfigurationName = Release;
		};
		6057B9001E8F494800CC8841 /* Build configuration list for PBXNativeTarget "Saving Wallet" */ = {
			isa = XCConfigurationList;
			buildConfigurations = (
				6057B9011E8F494800CC8841 /* Debug */,
				6057B9021E8F494800CC8841 /* Release */,
			);
			defaultConfigurationIsVisible = 0;
			defaultConfigurationName = Release;
		};
/* End XCConfigurationList section */

/* Begin XCVersionGroup section */
		6057B8F51E8F494800CC8841 /* Saving_Wallet.xcdatamodeld */ = {
			isa = XCVersionGroup;
			children = (
				6057B8F61E8F494800CC8841 /* Saving_Wallet.xcdatamodel */,
			);
			currentVersion = 6057B8F61E8F494800CC8841 /* Saving_Wallet.xcdatamodel */;
			path = Saving_Wallet.xcdatamodeld;
			sourceTree = "<group>";
			versionGroupType = wrapper.xcdatamodel;
		};
/* End XCVersionGroup section */
	};
	rootObject = 6057B8E31E8F494800CC8841 /* Project object */;
}
